<?xml version="1.0" encoding="utf-8"?>
<Project ToolsVersion="4.0" xmlns="http://schemas.microsoft.com/developer/msbuild/2003">
  <ItemGroup>
    <Filter Include="Source Files">
      <UniqueIdentifier>{4FC737F1-C7A5-4376-A066-2A32D752A2FF}</UniqueIdentifier>
      <Extensions>cpp;c;cc;cxx;def;odl;idl;hpj;bat;asm;asmx</Extensions>
    </Filter>
    <Filter Include="Header Files">
      <UniqueIdentifier>{93995380-89BD-4b04-88EB-625FBE52EBFB}</UniqueIdentifier>
      <Extensions>h;hh;hpp;hxx;hm;inl;inc;ipp;xsd</Extensions>
    </Filter>
    <Filter Include="Resource Files">
      <UniqueIdentifier>{67DA6AB6-F800-4c08-8B7A-83BB121AAD01}</UniqueIdentifier>
      <Extensions>rc;ico;cur;bmp;dlg;rc2;rct;bin;rgs;gif;jpg;jpeg;jpe;resx;tiff;tif;png;wav;mfcribbon-ms</Extensions>
    </Filter>
    <Filter Include="Source Files\GameStates">
      <UniqueIdentifier>{1366e4f9-735d-4f26-9575-6d63c0799c36}</UniqueIdentifier>
    </Filter>
    <Filter Include="Header Files\GameStates">
      <UniqueIdentifier>{c6c013a3-01f8-4a67-bab1-0d90f8228e4c}</UniqueIdentifier>
    </Filter>
    <Filter Include="Header Files\Character">
      <UniqueIdentifier>{fb6b5bc6-dd86-435a-9285-566e9f0353d3}</UniqueIdentifier>
    </Filter>
    <Filter Include="Header Files\Map">
      <UniqueIdentifier>{345d7498-c127-4c2e-aa53-4b67d2034e4f}</UniqueIdentifier>
    </Filter>
    <Filter Include="Source Files\Character">
      <UniqueIdentifier>{3af3e1b7-4d18-4701-b067-75dcc2d798cc}</UniqueIdentifier>
    </Filter>
  </ItemGroup>
  <ItemGroup>
    <ClInclude Include="stdafx.h">
      <Filter>Header Files</Filter>
    </ClInclude>
    <ClInclude Include="targetver.h">
      <Filter>Header Files</Filter>
    </ClInclude>
    <ClInclude Include="Manual.h">
      <Filter>Header Files</Filter>
    </ClInclude>
    <ClInclude Include="GameEngine.h">
      <Filter>Header Files</Filter>
    </ClInclude>
    <ClInclude Include="DoneFightingKingState.h">
      <Filter>Header Files\GameStates</Filter>
    </ClInclude>
    <ClInclude Include="DoneFightingState.h">
      <Filter>Header Files\GameStates</Filter>
    </ClInclude>
    <ClInclude Include="DoneMovingKingState.h">
      <Filter>Header Files\GameStates</Filter>
    </ClInclude>
    <ClInclude Include="DoneMovingState.h">
      <Filter>Header Files\GameStates</Filter>
    </ClInclude>
    <ClInclude Include="DoneNothingKingState.h">
      <Filter>Header Files\GameStates</Filter>
    </ClInclude>
    <ClInclude Include="DoneNothingState.h">
      <Filter>Header Files\GameStates</Filter>
    </ClInclude>
    <ClInclude Include="DoneSwitchingState.h">
      <Filter>Header Files\GameStates</Filter>
    </ClInclude>
    <ClInclude Include="Character.h">
      <Filter>Header Files\Character</Filter>
    </ClInclude>
    <ClInclude Include="Elements.h">
      <Filter>Header Files\Character</Filter>
    </ClInclude>
    <ClInclude Include="GameState.h">
      <Filter>Header Files\GameStates</Filter>
    </ClInclude>
    <ClInclude Include="Equipement.h">
      <Filter>Header Files\Character</Filter>
    </ClInclude>
    <ClInclude Include="PersoDefines.h">
      <Filter>Header Files\Character</Filter>
    </ClInclude>
    <ClInclude Include="Skill.h">
      <Filter>Header Files\Character</Filter>
    </ClInclude>
    <ClInclude Include="skillDefine.h">
      <Filter>Header Files\Character</Filter>
    </ClInclude>
    <ClInclude Include="Statut.h">
      <Filter>Header Files\Character</Filter>
    </ClInclude>
    <ClInclude Include="Map.h">
      <Filter>Header Files\Map</Filter>
    </ClInclude>
    <ClInclude Include="mapDefines.h">
      <Filter>Header Files\Map</Filter>
    </ClInclude>
    <ClInclude Include="EndOfTurnState.h">
      <Filter>Header Files\GameStates</Filter>
    </ClInclude>
    <ClInclude Include="IdCard.h">
      <Filter>Header Files</Filter>
    </ClInclude>
    <ClInclude Include="Helper.h">
      <Filter>Header Files</Filter>
    </ClInclude>
  </ItemGroup>
  <ItemGroup>
    <ClCompile Include="stdafx.cpp">
      <Filter>Source Files</Filter>
    </ClCompile>
    <ClCompile Include="Map.cpp">
      <Filter>Source Files</Filter>
    </ClCompile>
    <ClCompile Include="GameState.cpp">
      <Filter>Source Files\GameStates</Filter>
    </ClCompile>
    <ClCompile Include="DoneNothingState.cpp">
      <Filter>Source Files\GameStates</Filter>
    </ClCompile>
    <ClCompile Include="DoneFightingState.cpp">
      <Filter>Source Files\GameStates</Filter>
    </ClCompile>
    <ClCompile Include="DoneMovingState.cpp">
      <Filter>Source Files\GameStates</Filter>
    </ClCompile>
    <ClCompile Include="DoneSwitching.cpp">
      <Filter>Source Files\GameStates</Filter>
    </ClCompile>
    <ClCompile Include="DoneFightingKingState.cpp">
      <Filter>Source Files\GameStates</Filter>
    </ClCompile>
    <ClCompile Include="DoneNothingKingState.cpp">
      <Filter>Source Files\GameStates</Filter>
    </ClCompile>
    <ClCompile Include="DoneMovingKingState.cpp">
      <Filter>Source Files\GameStates</Filter>
    </ClCompile>
    <ClCompile Include="Character.cpp">
      <Filter>Source Files\Character</Filter>
    </ClCompile>
    <ClCompile Include="Elements.cpp">
      <Filter>Source Files\Character</Filter>
    </ClCompile>
    <ClCompile Include="Equipement.cpp">
      <Filter>Source Files\Character</Filter>
    </ClCompile>
    <ClCompile Include="PersoDefines.cpp">
      <Filter>Source Files\Character</Filter>
    </ClCompile>
    <ClCompile Include="Skill.cpp">
      <Filter>Source Files\Character</Filter>
    </ClCompile>
    <ClCompile Include="Statut.cpp">
      <Filter>Source Files\Character</Filter>
    </ClCompile>
    <ClCompile Include="GameEngine.cpp">
      <Filter>Source Files</Filter>
    </ClCompile>
    <ClCompile Include="EndOfTurnState.cpp">
      <Filter>Source Files\GameStates</Filter>
    </ClCompile>
    <ClCompile Include="IdCard.cpp">
      <Filter>Source Files</Filter>
    </ClCompile>
    <ClCompile Include="Helper.cpp">
      <Filter>Source Files</Filter>
    </ClCompile>
  </ItemGroup>
  <ItemGroup>
    <Xml Include="Skills.xml">
      <Filter>Resource Files</Filter>
    </Xml>
    <Xml Include="Characters.xml">
      <Filter>Resource Files</Filter>
    </Xml>
    <Xml Include="Equipement.xml">
      <Filter>Resource Files</Filter>
    </Xml>
    <Xml Include="Player.xml">
      <Filter>Resource Files</Filter>
    </Xml>
  </ItemGroup>
  <ItemGroup>
    <None Include="..\Assets\testMap.tmx">
      <Filter>Resource Files</Filter>
    </None>
    <None Include="..\Assets\maps\exampleMap.tmx">
      <Filter>Resource Files</Filter>
    </None>
    <None Include="..\Assets\maps\tileset.tsx">
      <Filter>Resource Files</Filter>
    </None>
  </ItemGroup>
  <ItemGroup>
    <Image Include="..\Assets\sprites\redSprite.png">
      <Filter>Resource Files</Filter>
    </Image>
    <Image Include="..\Assets\sprites\blueSprite.png">
      <Filter>Resource Files</Filter>
    </Image>
    <Image Include="..\Assets\sprites\cursor.png">
      <Filter>Resource Files</Filter>
    </Image>
    <Image Include="..\Assets\sprites\blueSpriteShadow.png">
      <Filter>Resource Files</Filter>
    </Image>
    <Image Include="..\Assets\sprites\redSpriteShadow.png">
      <Filter>Resource Files</Filter>
    </Image>
    <Image Include="..\Assets\sprites\blueFace.png">
      <Filter>Resource Files</Filter>
    </Image>
    <Image Include="..\Assets\sprites\blueFaceDead.png">
      <Filter>Resource Files</Filter>
    </Image>
    <Image Include="..\Assets\sprites\redFace.png">
      <Filter>Resource Files</Filter>
    </Image>
    <Image Include="..\Assets\sprites\redFaceDead.png">
      <Filter>Resource Files</Filter>
    </Image>
  </ItemGroup>
  <ItemGroup>
    <Font Include="..\Assets\alagard.ttf">
      <Filter>Resource Files</Filter>
    </Font>
  </ItemGroup>
</Project>