
Microsoft Visual Studio Solution File, Format Version 12.00
# Visual Studio 15
VisualStudioVersion = 15.0.27703.2018
MinimumVisualStudioVersion = 10.0.40219.1
Project("{8BC9CEB8-8B4A-11D0-8D11-00A0C91BC942}") = "EdgeOfWorlds", "EdgeOfWorlds\EdgeOfWorlds.vcxproj", "{6DBB8A90-9449-4078-A0C7-5F1E8EBE5EB9}"
EndProject
Project("{8BC9CEB8-8B4A-11D0-8D11-00A0C91BC942}") = "GameEngine", "GameEngine\GameEngine.vcxproj", "{895BF92E-7F44-4B17-B65D-451C07EC8B23}"
EndProject
Project("{8BC9CEB8-8B4A-11D0-8D11-00A0C91BC942}") = "Tests", "Tests\Tests.vcxproj", "{0A406983-7C96-49C8-AEE9-3FBF10C77019}"
EndProject
Project("{8BC9CEB8-8B4A-11D0-8D11-00A0C91BC942}") = "tmxlite", "tmxlite\tmxlite.vcxproj", "{0BC0C535-FEBB-4A83-8197-AF74FA26E100}"
EndProject
Global
	GlobalSection(SolutionConfigurationPlatforms) = preSolution
		Debug|x64 = Debug|x64
		Debug|x86 = Debug|x86
		DebugShared|x64 = DebugShared|x64
		DebugShared|x86 = DebugShared|x86
		DebugStatic|x64 = DebugStatic|x64
		DebugStatic|x86 = DebugStatic|x86
		Release|x64 = Release|x64
		Release|x86 = Release|x86
		ReleaseShared|x64 = ReleaseShared|x64
		ReleaseShared|x86 = ReleaseShared|x86
		ReleaseStatic|x64 = ReleaseStatic|x64
		ReleaseStatic|x86 = ReleaseStatic|x86
	EndGlobalSection
	GlobalSection(ProjectConfigurationPlatforms) = postSolution
		{6DBB8A90-9449-4078-A0C7-5F1E8EBE5EB9}.Debug|x64.ActiveCfg = Debug|x64
		{6DBB8A90-9449-4078-A0C7-5F1E8EBE5EB9}.Debug|x64.Build.0 = Debug|x64
		{6DBB8A90-9449-4078-A0C7-5F1E8EBE5EB9}.Debug|x86.ActiveCfg = Debug|Win32
		{6DBB8A90-9449-4078-A0C7-5F1E8EBE5EB9}.Debug|x86.Build.0 = Debug|Win32
		{6DBB8A90-9449-4078-A0C7-5F1E8EBE5EB9}.DebugShared|x64.ActiveCfg = Debug|x64
		{6DBB8A90-9449-4078-A0C7-5F1E8EBE5EB9}.DebugShared|x64.Build.0 = Debug|x64
		{6DBB8A90-9449-4078-A0C7-5F1E8EBE5EB9}.DebugShared|x86.ActiveCfg = Debug|Win32
		{6DBB8A90-9449-4078-A0C7-5F1E8EBE5EB9}.DebugShared|x86.Build.0 = Debug|Win32
		{6DBB8A90-9449-4078-A0C7-5F1E8EBE5EB9}.DebugStatic|x64.ActiveCfg = Debug|x64
		{6DBB8A90-9449-4078-A0C7-5F1E8EBE5EB9}.DebugStatic|x64.Build.0 = Debug|x64
		{6DBB8A90-9449-4078-A0C7-5F1E8EBE5EB9}.DebugStatic|x86.ActiveCfg = Debug|Win32
		{6DBB8A90-9449-4078-A0C7-5F1E8EBE5EB9}.DebugStatic|x86.Build.0 = Debug|Win32
		{6DBB8A90-9449-4078-A0C7-5F1E8EBE5EB9}.Release|x64.ActiveCfg = Release|x64
		{6DBB8A90-9449-4078-A0C7-5F1E8EBE5EB9}.Release|x64.Build.0 = Release|x64
		{6DBB8A90-9449-4078-A0C7-5F1E8EBE5EB9}.Release|x86.ActiveCfg = Release|Win32
		{6DBB8A90-9449-4078-A0C7-5F1E8EBE5EB9}.Release|x86.Build.0 = Release|Win32
		{6DBB8A90-9449-4078-A0C7-5F1E8EBE5EB9}.ReleaseShared|x64.ActiveCfg = Release|x64
		{6DBB8A90-9449-4078-A0C7-5F1E8EBE5EB9}.ReleaseShared|x64.Build.0 = Release|x64
		{6DBB8A90-9449-4078-A0C7-5F1E8EBE5EB9}.ReleaseShared|x86.ActiveCfg = Release|Win32
		{6DBB8A90-9449-4078-A0C7-5F1E8EBE5EB9}.ReleaseShared|x86.Build.0 = Release|Win32
		{6DBB8A90-9449-4078-A0C7-5F1E8EBE5EB9}.ReleaseStatic|x64.ActiveCfg = Release|x64
		{6DBB8A90-9449-4078-A0C7-5F1E8EBE5EB9}.ReleaseStatic|x64.Build.0 = Release|x64
		{6DBB8A90-9449-4078-A0C7-5F1E8EBE5EB9}.ReleaseStatic|x86.ActiveCfg = Release|Win32
		{6DBB8A90-9449-4078-A0C7-5F1E8EBE5EB9}.ReleaseStatic|x86.Build.0 = Release|Win32
		{895BF92E-7F44-4B17-B65D-451C07EC8B23}.Debug|x64.ActiveCfg = Debug|x64
		{895BF92E-7F44-4B17-B65D-451C07EC8B23}.Debug|x64.Build.0 = Debug|x64
		{895BF92E-7F44-4B17-B65D-451C07EC8B23}.Debug|x86.ActiveCfg = Debug|Win32
		{895BF92E-7F44-4B17-B65D-451C07EC8B23}.Debug|x86.Build.0 = Debug|Win32
		{895BF92E-7F44-4B17-B65D-451C07EC8B23}.DebugShared|x64.ActiveCfg = Debug|x64
		{895BF92E-7F44-4B17-B65D-451C07EC8B23}.DebugShared|x64.Build.0 = Debug|x64
		{895BF92E-7F44-4B17-B65D-451C07EC8B23}.DebugShared|x86.ActiveCfg = Debug|Win32
		{895BF92E-7F44-4B17-B65D-451C07EC8B23}.DebugShared|x86.Build.0 = Debug|Win32
		{895BF92E-7F44-4B17-B65D-451C07EC8B23}.DebugStatic|x64.ActiveCfg = Debug|x64
		{895BF92E-7F44-4B17-B65D-451C07EC8B23}.DebugStatic|x64.Build.0 = Debug|x64
		{895BF92E-7F44-4B17-B65D-451C07EC8B23}.DebugStatic|x86.ActiveCfg = Debug|Win32
		{895BF92E-7F44-4B17-B65D-451C07EC8B23}.DebugStatic|x86.Build.0 = Debug|Win32
		{895BF92E-7F44-4B17-B65D-451C07EC8B23}.Release|x64.ActiveCfg = Release|x64
		{895BF92E-7F44-4B17-B65D-451C07EC8B23}.Release|x64.Build.0 = Release|x64
		{895BF92E-7F44-4B17-B65D-451C07EC8B23}.Release|x86.ActiveCfg = Release|Win32
		{895BF92E-7F44-4B17-B65D-451C07EC8B23}.Release|x86.Build.0 = Release|Win32
		{895BF92E-7F44-4B17-B65D-451C07EC8B23}.ReleaseShared|x64.ActiveCfg = Release|x64
		{895BF92E-7F44-4B17-B65D-451C07EC8B23}.ReleaseShared|x64.Build.0 = Release|x64
		{895BF92E-7F44-4B17-B65D-451C07EC8B23}.ReleaseShared|x86.ActiveCfg = Release|Win32
		{895BF92E-7F44-4B17-B65D-451C07EC8B23}.ReleaseShared|x86.Build.0 = Release|Win32
		{895BF92E-7F44-4B17-B65D-451C07EC8B23}.ReleaseStatic|x64.ActiveCfg = Release|x64
		{895BF92E-7F44-4B17-B65D-451C07EC8B23}.ReleaseStatic|x64.Build.0 = Release|x64
		{895BF92E-7F44-4B17-B65D-451C07EC8B23}.ReleaseStatic|x86.ActiveCfg = Release|Win32
		{895BF92E-7F44-4B17-B65D-451C07EC8B23}.ReleaseStatic|x86.Build.0 = Release|Win32
		{0A406983-7C96-49C8-AEE9-3FBF10C77019}.Debug|x64.ActiveCfg = Debug|x64
		{0A406983-7C96-49C8-AEE9-3FBF10C77019}.Debug|x64.Build.0 = Debug|x64
		{0A406983-7C96-49C8-AEE9-3FBF10C77019}.Debug|x86.ActiveCfg = Debug|Win32
		{0A406983-7C96-49C8-AEE9-3FBF10C77019}.Debug|x86.Build.0 = Debug|Win32
		{0A406983-7C96-49C8-AEE9-3FBF10C77019}.DebugShared|x64.ActiveCfg = Debug|x64
		{0A406983-7C96-49C8-AEE9-3FBF10C77019}.DebugShared|x64.Build.0 = Debug|x64
		{0A406983-7C96-49C8-AEE9-3FBF10C77019}.DebugShared|x86.ActiveCfg = Debug|Win32
		{0A406983-7C96-49C8-AEE9-3FBF10C77019}.DebugShared|x86.Build.0 = Debug|Win32
		{0A406983-7C96-49C8-AEE9-3FBF10C77019}.DebugStatic|x64.ActiveCfg = Debug|x64
		{0A406983-7C96-49C8-AEE9-3FBF10C77019}.DebugStatic|x64.Build.0 = Debug|x64
		{0A406983-7C96-49C8-AEE9-3FBF10C77019}.DebugStatic|x86.ActiveCfg = Debug|Win32
		{0A406983-7C96-49C8-AEE9-3FBF10C77019}.DebugStatic|x86.Build.0 = Debug|Win32
		{0A406983-7C96-49C8-AEE9-3FBF10C77019}.Release|x64.ActiveCfg = Release|x64
		{0A406983-7C96-49C8-AEE9-3FBF10C77019}.Release|x64.Build.0 = Release|x64
		{0A406983-7C96-49C8-AEE9-3FBF10C77019}.Release|x86.ActiveCfg = Release|Win32
		{0A406983-7C96-49C8-AEE9-3FBF10C77019}.Release|x86.Build.0 = Release|Win32
		{0A406983-7C96-49C8-AEE9-3FBF10C77019}.ReleaseShared|x64.ActiveCfg = Release|x64
		{0A406983-7C96-49C8-AEE9-3FBF10C77019}.ReleaseShared|x64.Build.0 = Release|x64
		{0A406983-7C96-49C8-AEE9-3FBF10C77019}.ReleaseShared|x86.ActiveCfg = Release|Win32
		{0A406983-7C96-49C8-AEE9-3FBF10C77019}.ReleaseShared|x86.Build.0 = Release|Win32
		{0A406983-7C96-49C8-AEE9-3FBF10C77019}.ReleaseStatic|x64.ActiveCfg = Release|x64
		{0A406983-7C96-49C8-AEE9-3FBF10C77019}.ReleaseStatic|x64.Build.0 = Release|x64
		{0A406983-7C96-49C8-AEE9-3FBF10C77019}.ReleaseStatic|x86.ActiveCfg = Release|Win32
		{0A406983-7C96-49C8-AEE9-3FBF10C77019}.ReleaseStatic|x86.Build.0 = Release|Win32
		{0BC0C535-FEBB-4A83-8197-AF74FA26E100}.Debug|x64.ActiveCfg = DebugShared|x64
		{0BC0C535-FEBB-4A83-8197-AF74FA26E100}.Debug|x64.Build.0 = DebugShared|x64
		{0BC0C535-FEBB-4A83-8197-AF74FA26E100}.Debug|x86.ActiveCfg = DebugStatic|Win32
		{0BC0C535-FEBB-4A83-8197-AF74FA26E100}.Debug|x86.Build.0 = DebugStatic|Win32
		{0BC0C535-FEBB-4A83-8197-AF74FA26E100}.DebugShared|x64.ActiveCfg = DebugShared|x64
		{0BC0C535-FEBB-4A83-8197-AF74FA26E100}.DebugShared|x64.Build.0 = DebugShared|x64
		{0BC0C535-FEBB-4A83-8197-AF74FA26E100}.DebugShared|x86.ActiveCfg = DebugShared|Win32
		{0BC0C535-FEBB-4A83-8197-AF74FA26E100}.DebugShared|x86.Build.0 = DebugShared|Win32
		{0BC0C535-FEBB-4A83-8197-AF74FA26E100}.DebugStatic|x64.ActiveCfg = DebugStatic|x64
		{0BC0C535-FEBB-4A83-8197-AF74FA26E100}.DebugStatic|x64.Build.0 = DebugStatic|x64
		{0BC0C535-FEBB-4A83-8197-AF74FA26E100}.DebugStatic|x86.ActiveCfg = DebugStatic|Win32
		{0BC0C535-FEBB-4A83-8197-AF74FA26E100}.DebugStatic|x86.Build.0 = DebugStatic|Win32
		{0BC0C535-FEBB-4A83-8197-AF74FA26E100}.Release|x64.ActiveCfg = ReleaseStatic|x64
		{0BC0C535-FEBB-4A83-8197-AF74FA26E100}.Release|x64.Build.0 = ReleaseStatic|x64
		{0BC0C535-FEBB-4A83-8197-AF74FA26E100}.Release|x86.ActiveCfg = ReleaseStatic|Win32
		{0BC0C535-FEBB-4A83-8197-AF74FA26E100}.Release|x86.Build.0 = ReleaseStatic|Win32
		{0BC0C535-FEBB-4A83-8197-AF74FA26E100}.ReleaseShared|x64.ActiveCfg = ReleaseShared|x64
		{0BC0C535-FEBB-4A83-8197-AF74FA26E100}.ReleaseShared|x64.Build.0 = ReleaseShared|x64
		{0BC0C535-FEBB-4A83-8197-AF74FA26E100}.ReleaseShared|x86.ActiveCfg = ReleaseShared|Win32
		{0BC0C535-FEBB-4A83-8197-AF74FA26E100}.ReleaseShared|x86.Build.0 = ReleaseShared|Win32
		{0BC0C535-FEBB-4A83-8197-AF74FA26E100}.ReleaseStatic|x64.ActiveCfg = ReleaseStatic|x64
		{0BC0C535-FEBB-4A83-8197-AF74FA26E100}.ReleaseStatic|x64.Build.0 = ReleaseStatic|x64
		{0BC0C535-FEBB-4A83-8197-AF74FA26E100}.ReleaseStatic|x86.ActiveCfg = ReleaseStatic|Win32
		{0BC0C535-FEBB-4A83-8197-AF74FA26E100}.ReleaseStatic|x86.Build.0 = ReleaseStatic|Win32
	EndGlobalSection
	GlobalSection(SolutionProperties) = preSolution
		HideSolutionNode = FALSE
	EndGlobalSection
	GlobalSection(ExtensibilityGlobals) = postSolution
		SolutionGuid = {499AACBC-F9B8-4173-BC03-4049C2BC1C0B}
	EndGlobalSection
EndGlobal
